
Microsoft Visual Studio Solution File, Format Version 12.00
# Visual Studio 15
VisualStudioVersion = 15.0.27428.2005
MinimumVisualStudioVersion = 10.0.40219.1
Project("{FAE04EC0-301F-11D3-BF4B-00C04F79EFBC}") = "MarketStore", "MarketStore\MarketStore.csproj", "{130B7010-59B1-4538-951F-E8EBDBC9607D}"
EndProject
Global
	GlobalSection(SolutionConfigurationPlatforms) = preSolution
		Debug|Any CPU = Debug|Any CPU
		Release|Any CPU = Release|Any CPU
	EndGlobalSection
	GlobalSection(ProjectConfigurationPlatforms) = postSolution
		{130B7010-59B1-4538-951F-E8EBDBC9607D}.Debug|Any CPU.ActiveCfg = Debug|Any CPU
		{130B7010-59B1-4538-951F-E8EBDBC9607D}.Debug|Any CPU.Build.0 = Debug|Any CPU
		{130B7010-59B1-4538-951F-E8EBDBC9607D}.Release|Any CPU.ActiveCfg = Release|Any CPU
		{130B7010-59B1-4538-951F-E8EBDBC9607D}.Release|Any CPU.Build.0 = Release|Any CPU
	EndGlobalSection
	GlobalSection(SolutionProperties) = preSolution
		HideSolutionNode = FALSE
	EndGlobalSection
	GlobalSection(ExtensibilityGlobals) = postSolution
		SolutionGuid = {B0B3FF3D-1F59-46B6-A4D1-A467EB6F7846}
	EndGlobalSection
EndGlobal
